
Microsoft Visual Studio Solution File, Format Version 12.00
# Visual Studio Version 17
VisualStudioVersion = 17.8.34525.116
MinimumVisualStudioVersion = 10.0.40219.1
Project("{FAE04EC0-301F-11D3-BF4B-00C04F79EFBC}") = "PE2", "PE2\PE2.csproj", "{558DB39C-1DB4-4E80-B2B2-53CEF075A69D}"
EndProject
Global
	GlobalSection(SolutionConfigurationPlatforms) = preSolution
		Debug|Any CPU = Debug|Any CPU
		Release|Any CPU = Release|Any CPU
	EndGlobalSection
	GlobalSection(ProjectConfigurationPlatforms) = postSolution
		{558DB39C-1DB4-4E80-B2B2-53CEF075A69D}.Debug|Any CPU.ActiveCfg = Debug|Any CPU
		{558DB39C-1DB4-4E80-B2B2-53CEF075A69D}.Debug|Any CPU.Build.0 = Debug|Any CPU
		{558DB39C-1DB4-4E80-B2B2-53CEF075A69D}.Release|Any CPU.ActiveCfg = Release|Any CPU
		{558DB39C-1DB4-4E80-B2B2-53CEF075A69D}.Release|Any CPU.Build.0 = Release|Any CPU
	EndGlobalSection
	GlobalSection(SolutionProperties) = preSolution
		HideSolutionNode = FALSE
	EndGlobalSection
	GlobalSection(ExtensibilityGlobals) = postSolution
		SolutionGuid = {E14FE87C-79F9-4DE6-A9B7-1D91F279DC22}
	EndGlobalSection
EndGlobal
